
Microsoft Visual Studio Solution File, Format Version 12.00
# Visual Studio 15
VisualStudioVersion = 15.0.27703.2026
MinimumVisualStudioVersion = 10.0.40219.1
Project("{FAE04EC0-301F-11D3-BF4B-00C04F79EFBC}") = "SMYROOMS", "SMYROOMS\SMYROOMS.csproj", "{220D434F-969F-47C6-AA5C-DA1AF8FD37A5}"
EndProject
Global
	GlobalSection(SolutionConfigurationPlatforms) = preSolution
		Debug|Any CPU = Debug|Any CPU
		Release|Any CPU = Release|Any CPU
	EndGlobalSection
	GlobalSection(ProjectConfigurationPlatforms) = postSolution
		{220D434F-969F-47C6-AA5C-DA1AF8FD37A5}.Debug|Any CPU.ActiveCfg = Debug|Any CPU
		{220D434F-969F-47C6-AA5C-DA1AF8FD37A5}.Debug|Any CPU.Build.0 = Debug|Any CPU
		{220D434F-969F-47C6-AA5C-DA1AF8FD37A5}.Release|Any CPU.ActiveCfg = Release|Any CPU
		{220D434F-969F-47C6-AA5C-DA1AF8FD37A5}.Release|Any CPU.Build.0 = Release|Any CPU
	EndGlobalSection
	GlobalSection(SolutionProperties) = preSolution
		HideSolutionNode = FALSE
	EndGlobalSection
	GlobalSection(ExtensibilityGlobals) = postSolution
		SolutionGuid = {225A1930-0BFE-4B9E-BD8A-159994520AE5}
	EndGlobalSection
EndGlobal
